
Microsoft Visual Studio Solution File, Format Version 12.00
# Visual Studio Version 16
VisualStudioVersion = 16.0.31205.134
MinimumVisualStudioVersion = 10.0.40219.1
Project("{9A19103F-16F7-4668-BE54-9A1E7A4F7556}") = "invMed", "invMed.csproj", "{AA816495-15FC-4036-AAC5-A39B77F083E2}"
EndProject
Global
	GlobalSection(SolutionConfigurationPlatforms) = preSolution
		Debug|Any CPU = Debug|Any CPU
		Release|Any CPU = Release|Any CPU
	EndGlobalSection
	GlobalSection(ProjectConfigurationPlatforms) = postSolution
		{AA816495-15FC-4036-AAC5-A39B77F083E2}.Debug|Any CPU.ActiveCfg = Debug|Any CPU
		{AA816495-15FC-4036-AAC5-A39B77F083E2}.Debug|Any CPU.Build.0 = Debug|Any CPU
		{AA816495-15FC-4036-AAC5-A39B77F083E2}.Release|Any CPU.ActiveCfg = Release|Any CPU
		{AA816495-15FC-4036-AAC5-A39B77F083E2}.Release|Any CPU.Build.0 = Release|Any CPU
	EndGlobalSection
	GlobalSection(SolutionProperties) = preSolution
		HideSolutionNode = FALSE
	EndGlobalSection
	GlobalSection(ExtensibilityGlobals) = postSolution
		SolutionGuid = {A930C9B4-5627-4551-94DF-2CC15DC9665C}
	EndGlobalSection
EndGlobal
